// !$*UTF8*$!
{
	archiveVersion = 1;
	classes = {
	};
	objectVersion = 77;
	objects = {

/* Begin PBXBuildFile section */
		EBE402962D830D7800C384EC /* ConcurrentNetworkManager in Frameworks */ = {isa = PBXBuildFile; productRef = EBE402952D830D7800C384EC /* ConcurrentNetworkManager */; };
/* End PBXBuildFile section */

/* Begin PBXContainerItemProxy section */
		EBE402782D830D3E00C384EC /* PBXContainerItemProxy */ = {
			isa = PBXContainerItemProxy;
			containerPortal = EBE4025F2D830D3A00C384EC /* Project object */;
			proxyType = 1;
			remoteGlobalIDString = EBE402662D830D3A00C384EC;
			remoteInfo = TestNetworkManager;
		};
		EBE402822D830D3E00C384EC /* PBXContainerItemProxy */ = {
			isa = PBXContainerItemProxy;
			containerPortal = EBE4025F2D830D3A00C384EC /* Project object */;
			proxyType = 1;
			remoteGlobalIDString = EBE402662D830D3A00C384EC;
			remoteInfo = TestNetworkManager;
		};
/* End PBXContainerItemProxy section */

/* Begin PBXFileReference section */
		EBE402672D830D3A00C384EC /* TestNetworkManager.app */ = {isa = PBXFileReference; explicitFileType = wrapper.application; includeInIndex = 0; path = TestNetworkManager.app; sourceTree = BUILT_PRODUCTS_DIR; };
		EBE402772D830D3E00C384EC /* TestNetworkManagerTests.xctest */ = {isa = PBXFileReference; explicitFileType = wrapper.cfbundle; includeInIndex = 0; path = TestNetworkManagerTests.xctest; sourceTree = BUILT_PRODUCTS_DIR; };
		EBE402812D830D3E00C384EC /* TestNetworkManagerUITests.xctest */ = {isa = PBXFileReference; explicitFileType = wrapper.cfbundle; includeInIndex = 0; path = TestNetworkManagerUITests.xctest; sourceTree = BUILT_PRODUCTS_DIR; };
/* End PBXFileReference section */

/* Begin PBXFileSystemSynchronizedRootGroup section */
		EBE402692D830D3A00C384EC /* TestNetworkManager */ = {
			isa = PBXFileSystemSynchronizedRootGroup;
			path = TestNetworkManager;
			sourceTree = "<group>";
		};
		EBE4027A2D830D3E00C384EC /* TestNetworkManagerTests */ = {
			isa = PBXFileSystemSynchronizedRootGroup;
			path = TestNetworkManagerTests;
			sourceTree = "<group>";
		};
		EBE402842D830D3E00C384EC /* TestNetworkManagerUITests */ = {
			isa = PBXFileSystemSynchronizedRootGroup;
			path = TestNetworkManagerUITests;
			sourceTree = "<group>";
		};
/* End PBXFileSystemSynchronizedRootGroup section */

/* Begin PBXFrameworksBuildPhase section */
		EBE402642D830D3A00C384EC /* Frameworks */ = {
			isa = PBXFrameworksBuildPhase;
			buildActionMask = 2147483647;
			files = (
				EBE402962D830D7800C384EC /* ConcurrentNetworkManager in Frameworks */,
			);
			runOnlyForDeploymentPostprocessing = 0;
		};
		EBE402742D830D3E00C384EC /* Frameworks */ = {
			isa = PBXFrameworksBuildPhase;
			buildActionMask = 2147483647;
			files = (
			);
			runOnlyForDeploymentPostprocessing = 0;
		};
		EBE4027E2D830D3E00C384EC /* Frameworks */ = {
			isa = PBXFrameworksBuildPhase;
			buildActionMask = 2147483647;
			files = (
			);
			runOnlyForDeploymentPostprocessing = 0;
		};
/* End PBXFrameworksBuildPhase section */

/* Begin PBXGroup section */
		EBE4025E2D830D3A00C384EC = {
			isa = PBXGroup;
			children = (
				EBE402692D830D3A00C384EC /* TestNetworkManager */,
				EBE4027A2D830D3E00C384EC /* TestNetworkManagerTests */,
				EBE402842D830D3E00C384EC /* TestNetworkManagerUITests */,
				EBE402682D830D3A00C384EC /* Products */,
			);
			sourceTree = "<group>";
		};
		EBE402682D830D3A00C384EC /* Products */ = {
			isa = PBXGroup;
			children = (
				EBE402672D830D3A00C384EC /* TestNetworkManager.app */,
				EBE402772D830D3E00C384EC /* TestNetworkManagerTests.xctest */,
				EBE402812D830D3E00C384EC /* TestNetworkManagerUITests.xctest */,
			);
			name = Products;
			sourceTree = "<group>";
		};
/* End PBXGroup section */

/* Begin PBXNativeTarget section */
		EBE402662D830D3A00C384EC /* TestNetworkManager */ = {
			isa = PBXNativeTarget;
			buildConfigurationList = EBE4028B2D830D3E00C384EC /* Build configuration list for PBXNativeTarget "TestNetworkManager" */;
			buildPhases = (
				EBE402632D830D3A00C384EC /* Sources */,
				EBE402642D830D3A00C384EC /* Frameworks */,
				EBE402652D830D3A00C384EC /* Resources */,
			);
			buildRules = (
			);
			dependencies = (
			);
			fileSystemSynchronizedGroups = (
				EBE402692D830D3A00C384EC /* TestNetworkManager */,
			);
			name = TestNetworkManager;
			packageProductDependencies = (
				EBE402952D830D7800C384EC /* ConcurrentNetworkManager */,
			);
			productName = TestNetworkManager;
			productReference = EBE402672D830D3A00C384EC /* TestNetworkManager.app */;
			productType = "com.apple.product-type.application";
		};
		EBE402762D830D3E00C384EC /* TestNetworkManagerTests */ = {
			isa = PBXNativeTarget;
			buildConfigurationList = EBE4028E2D830D3E00C384EC /* Build configuration list for PBXNativeTarget "TestNetworkManagerTests" */;
			buildPhases = (
				EBE402732D830D3E00C384EC /* Sources */,
				EBE402742D830D3E00C384EC /* Frameworks */,
				EBE402752D830D3E00C384EC /* Resources */,
			);
			buildRules = (
			);
			dependencies = (
				EBE402792D830D3E00C384EC /* PBXTargetDependency */,
			);
			fileSystemSynchronizedGroups = (
				EBE4027A2D830D3E00C384EC /* TestNetworkManagerTests */,
			);
			name = TestNetworkManagerTests;
			packageProductDependencies = (
			);
			productName = TestNetworkManagerTests;
			productReference = EBE402772D830D3E00C384EC /* TestNetworkManagerTests.xctest */;
			productType = "com.apple.product-type.bundle.unit-test";
		};
		EBE402802D830D3E00C384EC /* TestNetworkManagerUITests */ = {
			isa = PBXNativeTarget;
			buildConfigurationList = EBE402912D830D3E00C384EC /* Build configuration list for PBXNativeTarget "TestNetworkManagerUITests" */;
			buildPhases = (
				EBE4027D2D830D3E00C384EC /* Sources */,
				EBE4027E2D830D3E00C384EC /* Frameworks */,
				EBE4027F2D830D3E00C384EC /* Resources */,
			);
			buildRules = (
			);
			dependencies = (
				EBE402832D830D3E00C384EC /* PBXTargetDependency */,
			);
			fileSystemSynchronizedGroups = (
				EBE402842D830D3E00C384EC /* TestNetworkManagerUITests */,
			);
			name = TestNetworkManagerUITests;
			packageProductDependencies = (
			);
			productName = TestNetworkManagerUITests;
			productReference = EBE402812D830D3E00C384EC /* TestNetworkManagerUITests.xctest */;
			productType = "com.apple.product-type.bundle.ui-testing";
		};
/* End PBXNativeTarget section */

/* Begin PBXProject section */
		EBE4025F2D830D3A00C384EC /* Project object */ = {
			isa = PBXProject;
			attributes = {
				BuildIndependentTargetsInParallel = 1;
				LastSwiftUpdateCheck = 1620;
				LastUpgradeCheck = 1620;
				TargetAttributes = {
					EBE402662D830D3A00C384EC = {
						CreatedOnToolsVersion = 16.2;
					};
					EBE402762D830D3E00C384EC = {
						CreatedOnToolsVersion = 16.2;
						TestTargetID = EBE402662D830D3A00C384EC;
					};
					EBE402802D830D3E00C384EC = {
						CreatedOnToolsVersion = 16.2;
						TestTargetID = EBE402662D830D3A00C384EC;
					};
				};
			};
			buildConfigurationList = EBE402622D830D3A00C384EC /* Build configuration list for PBXProject "TestNetworkManager" */;
			developmentRegion = en;
			hasScannedForEncodings = 0;
			knownRegions = (
				en,
				Base,
			);
			mainGroup = EBE4025E2D830D3A00C384EC;
			minimizedProjectReferenceProxies = 1;
			packageReferences = (
				EBE402942D830D7800C384EC /* XCRemoteSwiftPackageReference "ConcurrentNetworkLayer" */,
			);
			preferredProjectObjectVersion = 77;
			productRefGroup = EBE402682D830D3A00C384EC /* Products */;
			projectDirPath = "";
			projectRoot = "";
			targets = (
				EBE402662D830D3A00C384EC /* TestNetworkManager */,
				EBE402762D830D3E00C384EC /* TestNetworkManagerTests */,
				EBE402802D830D3E00C384EC /* TestNetworkManagerUITests */,
			);
		};
/* End PBXProject section */

/* Begin PBXResourcesBuildPhase section */
		EBE402652D830D3A00C384EC /* Resources */ = {
			isa = PBXResourcesBuildPhase;
			buildActionMask = 2147483647;
			files = (
			);
			runOnlyForDeploymentPostprocessing = 0;
		};
		EBE402752D830D3E00C384EC /* Resources */ = {
			isa = PBXResourcesBuildPhase;
			buildActionMask = 2147483647;
			files = (
			);
			runOnlyForDeploymentPostprocessing = 0;
		};
		EBE4027F2D830D3E00C384EC /* Resources */ = {
			isa = PBXResourcesBuildPhase;
			buildActionMask = 2147483647;
			files = (
			);
			runOnlyForDeploymentPostprocessing = 0;
		};
/* End PBXResourcesBuildPhase section */

/* Begin PBXSourcesBuildPhase section */
		EBE402632D830D3A00C384EC /* Sources */ = {
			isa = PBXSourcesBuildPhase;
			buildActionMask = 2147483647;
			files = (
			);
			runOnlyForDeploymentPostprocessing = 0;
		};
		EBE402732D830D3E00C384EC /* Sources */ = {
			isa = PBXSourcesBuildPhase;
			buildActionMask = 2147483647;
			files = (
			);
			runOnlyForDeploymentPostprocessing = 0;
		};
		EBE4027D2D830D3E00C384EC /* Sources */ = {
			isa = PBXSourcesBuildPhase;
			buildActionMask = 2147483647;
			files = (
			);
			runOnlyForDeploymentPostprocessing = 0;
		};
/* End PBXSourcesBuildPhase section */

/* Begin PBXTargetDependency section */
		EBE402792D830D3E00C384EC /* PBXTargetDependency */ = {
			isa = PBXTargetDependency;
			target = EBE402662D830D3A00C384EC /* TestNetworkManager */;
			targetProxy = EBE402782D830D3E00C384EC /* PBXContainerItemProxy */;
		};
		EBE402832D830D3E00C384EC /* PBXTargetDependency */ = {
			isa = PBXTargetDependency;
			target = EBE402662D830D3A00C384EC /* TestNetworkManager */;
			targetProxy = EBE402822D830D3E00C384EC /* PBXContainerItemProxy */;
		};
/* End PBXTargetDependency section */

/* Begin XCBuildConfiguration section */
		EBE402892D830D3E00C384EC /* Debug */ = {
			isa = XCBuildConfiguration;
			buildSettings = {
				ALWAYS_SEARCH_USER_PATHS = NO;
				ASSETCATALOG_COMPILER_GENERATE_SWIFT_ASSET_SYMBOL_EXTENSIONS = YES;
				CLANG_ANALYZER_NONNULL = YES;
				CLANG_ANALYZER_NUMBER_OBJECT_CONVERSION = YES_AGGRESSIVE;
				CLANG_CXX_LANGUAGE_STANDARD = "gnu++20";
				CLANG_ENABLE_MODULES = YES;
				CLANG_ENABLE_OBJC_ARC = YES;
				CLANG_ENABLE_OBJC_WEAK = YES;
				CLANG_WARN_BLOCK_CAPTURE_AUTORELEASING = YES;
				CLANG_WARN_BOOL_CONVERSION = YES;
				CLANG_WARN_COMMA = YES;
				CLANG_WARN_CONSTANT_CONVERSION = YES;
				CLANG_WARN_DEPRECATED_OBJC_IMPLEMENTATIONS = YES;
				CLANG_WARN_DIRECT_OBJC_ISA_USAGE = YES_ERROR;
				CLANG_WARN_DOCUMENTATION_COMMENTS = YES;
				CLANG_WARN_EMPTY_BODY = YES;
				CLANG_WARN_ENUM_CONVERSION = YES;
				CLANG_WARN_INFINITE_RECURSION = YES;
				CLANG_WARN_INT_CONVERSION = YES;
				CLANG_WARN_NON_LITERAL_NULL_CONVERSION = YES;
				CLANG_WARN_OBJC_IMPLICIT_RETAIN_SELF = YES;
				CLANG_WARN_OBJC_LITERAL_CONVERSION = YES;
				CLANG_WARN_OBJC_ROOT_CLASS = YES_ERROR;
				CLANG_WARN_QUOTED_INCLUDE_IN_FRAMEWORK_HEADER = YES;
				CLANG_WARN_RANGE_LOOP_ANALYSIS = YES;
				CLANG_WARN_STRICT_PROTOTYPES = YES;
				CLANG_WARN_SUSPICIOUS_MOVE = YES;
				CLANG_WARN_UNGUARDED_AVAILABILITY = YES_AGGRESSIVE;
				CLANG_WARN_UNREACHABLE_CODE = YES;
				CLANG_WARN__DUPLICATE_METHOD_MATCH = YES;
				COPY_PHASE_STRIP = NO;
				DEBUG_INFORMATION_FORMAT = dwarf;
				ENABLE_STRICT_OBJC_MSGSEND = YES;
				ENABLE_TESTABILITY = YES;
				ENABLE_USER_SCRIPT_SANDBOXING = YES;
				GCC_C_LANGUAGE_STANDARD = gnu17;
				GCC_DYNAMIC_NO_PIC = NO;
				GCC_NO_COMMON_BLOCKS = YES;
				GCC_OPTIMIZATION_LEVEL = 0;
				GCC_PREPROCESSOR_DEFINITIONS = (
					"DEBUG=1",
					"$(inherited)",
				);
				GCC_WARN_64_TO_32_BIT_CONVERSION = YES;
				GCC_WARN_ABOUT_RETURN_TYPE = YES_ERROR;
				GCC_WARN_UNDECLARED_SELECTOR = YES;
				GCC_WARN_UNINITIALIZED_AUTOS = YES_AGGRESSIVE;
				GCC_WARN_UNUSED_FUNCTION = YES;
				GCC_WARN_UNUSED_VARIABLE = YES;
				IPHONEOS_DEPLOYMENT_TARGET = 18.2;
				LOCALIZATION_PREFERS_STRING_CATALOGS = YES;
				MTL_ENABLE_DEBUG_INFO = INCLUDE_SOURCE;
				MTL_FAST_MATH = YES;
				ONLY_ACTIVE_ARCH = YES;
				SDKROOT = iphoneos;
				SWIFT_ACTIVE_COMPILATION_CONDITIONS = "DEBUG $(inherited)";
				SWIFT_OPTIMIZATION_LEVEL = "-Onone";
			};
			name = Debug;
		};
		EBE4028A2D830D3E00C384EC /* Release */ = {
			isa = XCBuildConfiguration;
			buildSettings = {
				ALWAYS_SEARCH_USER_PATHS = NO;
				ASSETCATALOG_COMPILER_GENERATE_SWIFT_ASSET_SYMBOL_EXTENSIONS = YES;
				CLANG_ANALYZER_NONNULL = YES;
				CLANG_ANALYZER_NUMBER_OBJECT_CONVERSION = YES_AGGRESSIVE;
				CLANG_CXX_LANGUAGE_STANDARD = "gnu++20";
				CLANG_ENABLE_MODULES = YES;
				CLANG_ENABLE_OBJC_ARC = YES;
				CLANG_ENABLE_OBJC_WEAK = YES;
				CLANG_WARN_BLOCK_CAPTURE_AUTORELEASING = YES;
				CLANG_WARN_BOOL_CONVERSION = YES;
				CLANG_WARN_COMMA = YES;
				CLANG_WARN_CONSTANT_CONVERSION = YES;
				CLANG_WARN_DEPRECATED_OBJC_IMPLEMENTATIONS = YES;
				CLANG_WARN_DIRECT_OBJC_ISA_USAGE = YES_ERROR;
				CLANG_WARN_DOCUMENTATION_COMMENTS = YES;
				CLANG_WARN_EMPTY_BODY = YES;
				CLANG_WARN_ENUM_CONVERSION = YES;
				CLANG_WARN_INFINITE_RECURSION = YES;
				CLANG_WARN_INT_CONVERSION = YES;
				CLANG_WARN_NON_LITERAL_NULL_CONVERSION = YES;
				CLANG_WARN_OBJC_IMPLICIT_RETAIN_SELF = YES;
				CLANG_WARN_OBJC_LITERAL_CONVERSION = YES;
				CLANG_WARN_OBJC_ROOT_CLASS = YES_ERROR;
				CLANG_WARN_QUOTED_INCLUDE_IN_FRAMEWORK_HEADER = YES;
				CLANG_WARN_RANGE_LOOP_ANALYSIS = YES;
				CLANG_WARN_STRICT_PROTOTYPES = YES;
				CLANG_WARN_SUSPICIOUS_MOVE = YES;
				CLANG_WARN_UNGUARDED_AVAILABILITY = YES_AGGRESSIVE;
				CLANG_WARN_UNREACHABLE_CODE = YES;
				CLANG_WARN__DUPLICATE_METHOD_MATCH = YES;
				COPY_PHASE_STRIP = NO;
				DEBUG_INFORMATION_FORMAT = "dwarf-with-dsym";
				ENABLE_NS_ASSERTIONS = NO;
				ENABLE_STRICT_OBJC_MSGSEND = YES;
				ENABLE_USER_SCRIPT_SANDBOXING = YES;
				GCC_C_LANGUAGE_STANDARD = gnu17;
				GCC_NO_COMMON_BLOCKS = YES;
				GCC_WARN_64_TO_32_BIT_CONVERSION = YES;
				GCC_WARN_ABOUT_RETURN_TYPE = YES_ERROR;
				GCC_WARN_UNDECLARED_SELECTOR = YES;
				GCC_WARN_UNINITIALIZED_AUTOS = YES_AGGRESSIVE;
				GCC_WARN_UNUSED_FUNCTION = YES;
				GCC_WARN_UNUSED_VARIABLE = YES;
				IPHONEOS_DEPLOYMENT_TARGET = 18.2;
				LOCALIZATION_PREFERS_STRING_CATALOGS = YES;
				MTL_ENABLE_DEBUG_INFO = NO;
				MTL_FAST_MATH = YES;
				SDKROOT = iphoneos;
				SWIFT_COMPILATION_MODE = wholemodule;
				VALIDATE_PRODUCT = YES;
			};
			name = Release;
		};
		EBE4028C2D830D3E00C384EC /* Debug */ = {
			isa = XCBuildConfiguration;
			buildSettings = {
				ASSETCATALOG_COMPILER_APPICON_NAME = AppIcon;
				ASSETCATALOG_COMPILER_GLOBAL_ACCENT_COLOR_NAME = AccentColor;
				CODE_SIGN_STYLE = Automatic;
				CURRENT_PROJECT_VERSION = 1;
				DEVELOPMENT_ASSET_PATHS = "\"TestNetworkManager/Preview Content\"";
				ENABLE_PREVIEWS = YES;
				GENERATE_INFOPLIST_FILE = YES;
				INFOPLIST_KEY_UIApplicationSceneManifest_Generation = YES;
				INFOPLIST_KEY_UIApplicationSupportsIndirectInputEvents = YES;
				INFOPLIST_KEY_UILaunchScreen_Generation = YES;
				INFOPLIST_KEY_UISupportedInterfaceOrientations_iPad = "UIInterfaceOrientationPortrait UIInterfaceOrientationPortraitUpsideDown UIInterfaceOrientationLandscapeLeft UIInterfaceOrientationLandscapeRight";
				INFOPLIST_KEY_UISupportedInterfaceOrientations_iPhone = "UIInterfaceOrientationPortrait UIInterfaceOrientationLandscapeLeft UIInterfaceOrientationLandscapeRight";
				LD_RUNPATH_SEARCH_PATHS = (
					"$(inherited)",
					"@executable_path/Frameworks",
				);
				MARKETING_VERSION = 1.0;
				PRODUCT_BUNDLE_IDENTIFIER = serhankhan.TestNetworkManager;
				PRODUCT_NAME = "$(TARGET_NAME)";
				SWIFT_EMIT_LOC_STRINGS = YES;
				SWIFT_VERSION = 5.0;
				TARGETED_DEVICE_FAMILY = "1,2";
			};
			name = Debug;
		};
		EBE4028D2D830D3E00C384EC /* Release */ = {
			isa = XCBuildConfiguration;
			buildSettings = {
				ASSETCATALOG_COMPILER_APPICON_NAME = AppIcon;
				ASSETCATALOG_COMPILER_GLOBAL_ACCENT_COLOR_NAME = AccentColor;
				CODE_SIGN_STYLE = Automatic;
				CURRENT_PROJECT_VERSION = 1;
				DEVELOPMENT_ASSET_PATHS = "\"TestNetworkManager/Preview Content\"";
				ENABLE_PREVIEWS = YES;
				GENERATE_INFOPLIST_FILE = YES;
				INFOPLIST_KEY_UIApplicationSceneManifest_Generation = YES;
				INFOPLIST_KEY_UIApplicationSupportsIndirectInputEvents = YES;
				INFOPLIST_KEY_UILaunchScreen_Generation = YES;
				INFOPLIST_KEY_UISupportedInterfaceOrientations_iPad = "UIInterfaceOrientationPortrait UIInterfaceOrientationPortraitUpsideDown UIInterfaceOrientationLandscapeLeft UIInterfaceOrientationLandscapeRight";
				INFOPLIST_KEY_UISupportedInterfaceOrientations_iPhone = "UIInterfaceOrientationPortrait UIInterfaceOrientationLandscapeLeft UIInterfaceOrientationLandscapeRight";
				LD_RUNPATH_SEARCH_PATHS = (
					"$(inherited)",
					"@executable_path/Frameworks",
				);
				MARKETING_VERSION = 1.0;
				PRODUCT_BUNDLE_IDENTIFIER = serhankhan.TestNetworkManager;
				PRODUCT_NAME = "$(TARGET_NAME)";
				SWIFT_EMIT_LOC_STRINGS = YES;
				SWIFT_VERSION = 5.0;
				TARGETED_DEVICE_FAMILY = "1,2";
			};
			name = Release;
		};
		EBE4028F2D830D3E00C384EC /* Debug */ = {
			isa = XCBuildConfiguration;
			buildSettings = {
				BUNDLE_LOADER = "$(TEST_HOST)";
				CODE_SIGN_STYLE = Automatic;
				CURRENT_PROJECT_VERSION = 1;
				GENERATE_INFOPLIST_FILE = YES;
				IPHONEOS_DEPLOYMENT_TARGET = 18.2;
				MARKETING_VERSION = 1.0;
				PRODUCT_BUNDLE_IDENTIFIER = serhankhan.TestNetworkManagerTests;
				PRODUCT_NAME = "$(TARGET_NAME)";
				SWIFT_EMIT_LOC_STRINGS = NO;
				SWIFT_VERSION = 5.0;
				TARGETED_DEVICE_FAMILY = "1,2";
				TEST_HOST = "$(BUILT_PRODUCTS_DIR)/TestNetworkManager.app/$(BUNDLE_EXECUTABLE_FOLDER_PATH)/TestNetworkManager";
			};
			name = Debug;
		};
		EBE402902D830D3E00C384EC /* Release */ = {
			isa = XCBuildConfiguration;
			buildSettings = {
				BUNDLE_LOADER = "$(TEST_HOST)";
				CODE_SIGN_STYLE = Automatic;
				CURRENT_PROJECT_VERSION = 1;
				GENERATE_INFOPLIST_FILE = YES;
				IPHONEOS_DEPLOYMENT_TARGET = 18.2;
				MARKETING_VERSION = 1.0;
				PRODUCT_BUNDLE_IDENTIFIER = serhankhan.TestNetworkManagerTests;
				PRODUCT_NAME = "$(TARGET_NAME)";
				SWIFT_EMIT_LOC_STRINGS = NO;
				SWIFT_VERSION = 5.0;
				TARGETED_DEVICE_FAMILY = "1,2";
				TEST_HOST = "$(BUILT_PRODUCTS_DIR)/TestNetworkManager.app/$(BUNDLE_EXECUTABLE_FOLDER_PATH)/TestNetworkManager";
			};
			name = Release;
		};
		EBE402922D830D3E00C384EC /* Debug */ = {
			isa = XCBuildConfiguration;
			buildSettings = {
				CODE_SIGN_STYLE = Automatic;
				CURRENT_PROJECT_VERSION = 1;
				GENERATE_INFOPLIST_FILE = YES;
				MARKETING_VERSION = 1.0;
				PRODUCT_BUNDLE_IDENTIFIER = serhankhan.TestNetworkManagerUITests;
				PRODUCT_NAME = "$(TARGET_NAME)";
				SWIFT_EMIT_LOC_STRINGS = NO;
				SWIFT_VERSION = 5.0;
				TARGETED_DEVICE_FAMILY = "1,2";
				TEST_TARGET_NAME = TestNetworkManager;
			};
			name = Debug;
		};
		EBE402932D830D3E00C384EC /* Release */ = {
			isa = XCBuildConfiguration;
			buildSettings = {
				CODE_SIGN_STYLE = Automatic;
				CURRENT_PROJECT_VERSION = 1;
				GENERATE_INFOPLIST_FILE = YES;
				MARKETING_VERSION = 1.0;
				PRODUCT_BUNDLE_IDENTIFIER = serhankhan.TestNetworkManagerUITests;
				PRODUCT_NAME = "$(TARGET_NAME)";
				SWIFT_EMIT_LOC_STRINGS = NO;
				SWIFT_VERSION = 5.0;
				TARGETED_DEVICE_FAMILY = "1,2";
				TEST_TARGET_NAME = TestNetworkManager;
			};
			name = Release;
		};
/* End XCBuildConfiguration section */

/* Begin XCConfigurationList section */
		EBE402622D830D3A00C384EC /* Build configuration list for PBXProject "TestNetworkManager" */ = {
			isa = XCConfigurationList;
			buildConfigurations = (
				EBE402892D830D3E00C384EC /* Debug */,
				EBE4028A2D830D3E00C384EC /* Release */,
			);
			defaultConfigurationIsVisible = 0;
			defaultConfigurationName = Release;
		};
		EBE4028B2D830D3E00C384EC /* Build configuration list for PBXNativeTarget "TestNetworkManager" */ = {
			isa = XCConfigurationList;
			buildConfigurations = (
				EBE4028C2D830D3E00C384EC /* Debug */,
				EBE4028D2D830D3E00C384EC /* Release */,
			);
			defaultConfigurationIsVisible = 0;
			defaultConfigurationName = Release;
		};
		EBE4028E2D830D3E00C384EC /* Build configuration list for PBXNativeTarget "TestNetworkManagerTests" */ = {
			isa = XCConfigurationList;
			buildConfigurations = (
				EBE4028F2D830D3E00C384EC /* Debug */,
				EBE402902D830D3E00C384EC /* Release */,
			);
			defaultConfigurationIsVisible = 0;
			defaultConfigurationName = Release;
		};
		EBE402912D830D3E00C384EC /* Build configuration list for PBXNativeTarget "TestNetworkManagerUITests" */ = {
			isa = XCConfigurationList;
			buildConfigurations = (
				EBE402922D830D3E00C384EC /* Debug */,
				EBE402932D830D3E00C384EC /* Release */,
			);
			defaultConfigurationIsVisible = 0;
			defaultConfigurationName = Release;
		};
/* End XCConfigurationList section */

/* Begin XCRemoteSwiftPackageReference section */
		EBE402942D830D7800C384EC /* XCRemoteSwiftPackageReference "ConcurrentNetworkLayer" */ = {
			isa = XCRemoteSwiftPackageReference;
			repositoryURL = "https://github.com/khanboy1989/ConcurrentNetworkLayer";
			requirement = {
				kind = upToNextMajorVersion;
				minimumVersion = 1.0.3;
			};
		};
/* End XCRemoteSwiftPackageReference section */

/* Begin XCSwiftPackageProductDependency section */
		EBE402952D830D7800C384EC /* ConcurrentNetworkManager */ = {
			isa = XCSwiftPackageProductDependency;
			package = EBE402942D830D7800C384EC /* XCRemoteSwiftPackageReference "ConcurrentNetworkLayer" */;
			productName = ConcurrentNetworkManager;
		};
/* End XCSwiftPackageProductDependency section */
	};
	rootObject = EBE4025F2D830D3A00C384EC /* Project object */;
}
